
Microsoft Visual Studio Solution File, Format Version 12.00
# Visual Studio Version 16
VisualStudioVersion = 16.0.31729.503
MinimumVisualStudioVersion = 10.0.40219.1
Project("{FAE04EC0-301F-11D3-BF4B-00C04F79EFBC}") = "VersenyFeladat2", "VersenyFeladat2\VersenyFeladat2.csproj", "{C8DAA83C-A896-4933-861F-CDD1FFAF9AAE}"
EndProject
Global
	GlobalSection(SolutionConfigurationPlatforms) = preSolution
		Debug|Any CPU = Debug|Any CPU
		Release|Any CPU = Release|Any CPU
	EndGlobalSection
	GlobalSection(ProjectConfigurationPlatforms) = postSolution
		{C8DAA83C-A896-4933-861F-CDD1FFAF9AAE}.Debug|Any CPU.ActiveCfg = Debug|Any CPU
		{C8DAA83C-A896-4933-861F-CDD1FFAF9AAE}.Debug|Any CPU.Build.0 = Debug|Any CPU
		{C8DAA83C-A896-4933-861F-CDD1FFAF9AAE}.Release|Any CPU.ActiveCfg = Release|Any CPU
		{C8DAA83C-A896-4933-861F-CDD1FFAF9AAE}.Release|Any CPU.Build.0 = Release|Any CPU
	EndGlobalSection
	GlobalSection(SolutionProperties) = preSolution
		HideSolutionNode = FALSE
	EndGlobalSection
	GlobalSection(ExtensibilityGlobals) = postSolution
		SolutionGuid = {8E36E84C-06CF-46B0-9BBA-279A8896144F}
	EndGlobalSection
EndGlobal
